
Microsoft Visual Studio Solution File, Format Version 12.00
# Visual Studio Version 16
VisualStudioVersion = 16.0.29613.14
MinimumVisualStudioVersion = 10.0.40219.1
Project("{FAE04EC0-301F-11D3-BF4B-00C04F79EFBC}") = "Interface", "Interface\Interface.csproj", "{64D5B13E-F638-425D-BC8D-4AB1FF5C26D4}"
EndProject
Global
	GlobalSection(SolutionConfigurationPlatforms) = preSolution
		Debug|Any CPU = Debug|Any CPU
		Release|Any CPU = Release|Any CPU
	EndGlobalSection
	GlobalSection(ProjectConfigurationPlatforms) = postSolution
		{64D5B13E-F638-425D-BC8D-4AB1FF5C26D4}.Debug|Any CPU.ActiveCfg = Debug|Any CPU
		{64D5B13E-F638-425D-BC8D-4AB1FF5C26D4}.Debug|Any CPU.Build.0 = Debug|Any CPU
		{64D5B13E-F638-425D-BC8D-4AB1FF5C26D4}.Release|Any CPU.ActiveCfg = Release|Any CPU
		{64D5B13E-F638-425D-BC8D-4AB1FF5C26D4}.Release|Any CPU.Build.0 = Release|Any CPU
	EndGlobalSection
	GlobalSection(SolutionProperties) = preSolution
		HideSolutionNode = FALSE
	EndGlobalSection
	GlobalSection(ExtensibilityGlobals) = postSolution
		SolutionGuid = {B71D7163-03B9-4016-AD8C-19FACFA74E3B}
	EndGlobalSection
EndGlobal
